{
  "name": "edge-helloworld",
  "version": "1.0.0",
  "lockfileVersion": 1,
  "requires": true,
  "dependencies": {
    "edge-cs": {
      "version": "1.2.1",
      "resolved": "http://registry.npm.taobao.org/edge-cs/download/edge-cs-1.2.1.tgz",
      "integrity": "sha1-vRqezblO8O1AyJRYIEZ0nlcEXlo="
    },
    "electron-edge-js": {
      "version": "8.2.9",
      "resolved": "http://registry.npm.taobao.org/electron-edge-js/download/electron-edge-js-8.2.9.tgz",
      "integrity": "sha1-zhk3uXlWwlBM5TCaPTallUOMiOI=",
      "requires": {
        "edge-cs": "1.2.1",
        "nan": "2.7.0"
      }
    },
    "nan": {
      "version": "2.7.0",
      "resolved": "http://registry.npm.taobao.org/nan/download/nan-2.7.0.tgz",
      "integrity": "sha1-2Vv3IeyHfgjbJ27T/G63j5CDrUY="
    }
  }
}
